// !$*UTF8*$!
{
	archiveVersion = 1;
	classes = {
	};
	objectVersion = 46;
	objects = {

/* Begin PBXBuildFile section */
		126B2DCE1C9F6B6F00ACB4C6 /* AppDelegate.swift in Sources */ = {isa = PBXBuildFile; fileRef = 126B2DCD1C9F6B6F00ACB4C6 /* AppDelegate.swift */; };
		126B2DD01C9F6B6F00ACB4C6 /* RootViewController.swift in Sources */ = {isa = PBXBuildFile; fileRef = 126B2DCF1C9F6B6F00ACB4C6 /* RootViewController.swift */; };
		126B2DD21C9F6B6F00ACB4C6 /* DataViewController.swift in Sources */ = {isa = PBXBuildFile; fileRef = 126B2DD11C9F6B6F00ACB4C6 /* DataViewController.swift */; };
		126B2DD41C9F6B6F00ACB4C6 /* ModelController.swift in Sources */ = {isa = PBXBuildFile; fileRef = 126B2DD31C9F6B6F00ACB4C6 /* ModelController.swift */; };
		126B2DD71C9F6B6F00ACB4C6 /* Main.storyboard in Resources */ = {isa = PBXBuildFile; fileRef = 126B2DD51C9F6B6F00ACB4C6 /* Main.storyboard */; };
		126B2DD91C9F6B6F00ACB4C6 /* Assets.xcassets in Resources */ = {isa = PBXBuildFile; fileRef = 126B2DD81C9F6B6F00ACB4C6 /* Assets.xcassets */; };
		126B2DDC1C9F6B6F00ACB4C6 /* LaunchScreen.storyboard in Resources */ = {isa = PBXBuildFile; fileRef = 126B2DDA1C9F6B6F00ACB4C6 /* LaunchScreen.storyboard */; };
		B0938F2E1CFA9B2200B9A13B /* AdditionalIncome.jpg in Resources */ = {isa = PBXBuildFile; fileRef = B0938F221CFA9B2200B9A13B /* AdditionalIncome.jpg */; };
		B0938F2F1CFA9B2200B9A13B /* CalculatePay.jpg in Resources */ = {isa = PBXBuildFile; fileRef = B0938F231CFA9B2200B9A13B /* CalculatePay.jpg */; };
		B0938F301CFA9B2200B9A13B /* CompanyInfo.jpg in Resources */ = {isa = PBXBuildFile; fileRef = B0938F241CFA9B2200B9A13B /* CompanyInfo.jpg */; };
		B0938F311CFA9B2200B9A13B /* Deductions.jpg in Resources */ = {isa = PBXBuildFile; fileRef = B0938F251CFA9B2200B9A13B /* Deductions.jpg */; };
		B0938F321CFA9B2200B9A13B /* EmployeeEarnings.jpg in Resources */ = {isa = PBXBuildFile; fileRef = B0938F261CFA9B2200B9A13B /* EmployeeEarnings.jpg */; };
		B0938F331CFA9B2200B9A13B /* EmployeePaychecks.jpg in Resources */ = {isa = PBXBuildFile; fileRef = B0938F271CFA9B2200B9A13B /* EmployeePaychecks.jpg */; };
		B0938F341CFA9B2200B9A13B /* Employees.jpg in Resources */ = {isa = PBXBuildFile; fileRef = B0938F281CFA9B2200B9A13B /* Employees.jpg */; };
		B0938F351CFA9B2200B9A13B /* EnterHours.jpg in Resources */ = {isa = PBXBuildFile; fileRef = B0938F291CFA9B2200B9A13B /* EnterHours.jpg */; };
		B0938F361CFA9B2200B9A13B /* FederalTaxes.jpg in Resources */ = {isa = PBXBuildFile; fileRef = B0938F2A1CFA9B2200B9A13B /* FederalTaxes.jpg */; };
		B0938F371CFA9B2200B9A13B /* PrintPaychecks.jpg in Resources */ = {isa = PBXBuildFile; fileRef = B0938F2B1CFA9B2200B9A13B /* PrintPaychecks.jpg */; };
		B0938F381CFA9B2200B9A13B /* W2&W3Statements.jpg in Resources */ = {isa = PBXBuildFile; fileRef = B0938F2C1CFA9B2200B9A13B /* W2&W3Statements.jpg */; };
		B0938F391CFA9B2200B9A13B /* WelcomeScreen.jpg in Resources */ = {isa = PBXBuildFile; fileRef = B0938F2D1CFA9B2200B9A13B /* WelcomeScreen.jpg */; };
/* End PBXBuildFile section */

/* Begin PBXFileReference section */
		126B2DCA1C9F6B6F00ACB4C6 /* small business payroll.app */ = {isa = PBXFileReference; explicitFileType = wrapper.application; includeInIndex = 0; path = "small business payroll.app"; sourceTree = BUILT_PRODUCTS_DIR; };
		126B2DCD1C9F6B6F00ACB4C6 /* AppDelegate.swift */ = {isa = PBXFileReference; lastKnownFileType = sourcecode.swift; path = AppDelegate.swift; sourceTree = "<group>"; };
		126B2DCF1C9F6B6F00ACB4C6 /* RootViewController.swift */ = {isa = PBXFileReference; lastKnownFileType = sourcecode.swift; path = RootViewController.swift; sourceTree = "<group>"; };
		126B2DD11C9F6B6F00ACB4C6 /* DataViewController.swift */ = {isa = PBXFileReference; lastKnownFileType = sourcecode.swift; path = DataViewController.swift; sourceTree = "<group>"; };
		126B2DD31C9F6B6F00ACB4C6 /* ModelController.swift */ = {isa = PBXFileReference; lastKnownFileType = sourcecode.swift; path = ModelController.swift; sourceTree = "<group>"; };
		126B2DD61C9F6B6F00ACB4C6 /* Base */ = {isa = PBXFileReference; lastKnownFileType = file.storyboard; name = Base; path = Base.lproj/Main.storyboard; sourceTree = "<group>"; };
		126B2DD81C9F6B6F00ACB4C6 /* Assets.xcassets */ = {isa = PBXFileReference; lastKnownFileType = folder.assetcatalog; path = Assets.xcassets; sourceTree = "<group>"; };
		126B2DDB1C9F6B6F00ACB4C6 /* Base */ = {isa = PBXFileReference; lastKnownFileType = file.storyboard; name = Base; path = Base.lproj/LaunchScreen.storyboard; sourceTree = "<group>"; };
		126B2DDD1C9F6B6F00ACB4C6 /* Info.plist */ = {isa = PBXFileReference; lastKnownFileType = text.plist.xml; path = Info.plist; sourceTree = "<group>"; };
		B0938F221CFA9B2200B9A13B /* AdditionalIncome.jpg */ = {isa = PBXFileReference; lastKnownFileType = image.jpeg; path = AdditionalIncome.jpg; sourceTree = "<group>"; };
		B0938F231CFA9B2200B9A13B /* CalculatePay.jpg */ = {isa = PBXFileReference; lastKnownFileType = image.jpeg; path = CalculatePay.jpg; sourceTree = "<group>"; };
		B0938F241CFA9B2200B9A13B /* CompanyInfo.jpg */ = {isa = PBXFileReference; lastKnownFileType = image.jpeg; path = CompanyInfo.jpg; sourceTree = "<group>"; };
		B0938F251CFA9B2200B9A13B /* Deductions.jpg */ = {isa = PBXFileReference; lastKnownFileType = image.jpeg; path = Deductions.jpg; sourceTree = "<group>"; };
		B0938F261CFA9B2200B9A13B /* EmployeeEarnings.jpg */ = {isa = PBXFileReference; lastKnownFileType = image.jpeg; path = EmployeeEarnings.jpg; sourceTree = "<group>"; };
		B0938F271CFA9B2200B9A13B /* EmployeePaychecks.jpg */ = {isa = PBXFileReference; lastKnownFileType = image.jpeg; path = EmployeePaychecks.jpg; sourceTree = "<group>"; };
		B0938F281CFA9B2200B9A13B /* Employees.jpg */ = {isa = PBXFileReference; lastKnownFileType = image.jpeg; path = Employees.jpg; sourceTree = "<group>"; };
		B0938F291CFA9B2200B9A13B /* EnterHours.jpg */ = {isa = PBXFileReference; lastKnownFileType = image.jpeg; path = EnterHours.jpg; sourceTree = "<group>"; };
		B0938F2A1CFA9B2200B9A13B /* FederalTaxes.jpg */ = {isa = PBXFileReference; lastKnownFileType = image.jpeg; path = FederalTaxes.jpg; sourceTree = "<group>"; };
		B0938F2B1CFA9B2200B9A13B /* PrintPaychecks.jpg */ = {isa = PBXFileReference; lastKnownFileType = image.jpeg; path = PrintPaychecks.jpg; sourceTree = "<group>"; };
		B0938F2C1CFA9B2200B9A13B /* W2&W3Statements.jpg */ = {isa = PBXFileReference; lastKnownFileType = image.jpeg; path = "W2&W3Statements.jpg"; sourceTree = "<group>"; };
		B0938F2D1CFA9B2200B9A13B /* WelcomeScreen.jpg */ = {isa = PBXFileReference; lastKnownFileType = image.jpeg; path = WelcomeScreen.jpg; sourceTree = "<group>"; };
/* End PBXFileReference section */

/* Begin PBXFrameworksBuildPhase section */
		126B2DC71C9F6B6F00ACB4C6 /* Frameworks */ = {
			isa = PBXFrameworksBuildPhase;
			buildActionMask = 2147483647;
			files = (
			);
			runOnlyForDeploymentPostprocessing = 0;
		};
/* End PBXFrameworksBuildPhase section */

/* Begin PBXGroup section */
		126B2DC11C9F6B6F00ACB4C6 = {
			isa = PBXGroup;
			children = (
				126B2DCC1C9F6B6F00ACB4C6 /* small business payroll */,
				126B2DCB1C9F6B6F00ACB4C6 /* Products */,
				B0938F221CFA9B2200B9A13B /* AdditionalIncome.jpg */,
				B0938F231CFA9B2200B9A13B /* CalculatePay.jpg */,
				B0938F241CFA9B2200B9A13B /* CompanyInfo.jpg */,
				B0938F251CFA9B2200B9A13B /* Deductions.jpg */,
				B0938F261CFA9B2200B9A13B /* EmployeeEarnings.jpg */,
				B0938F271CFA9B2200B9A13B /* EmployeePaychecks.jpg */,
				B0938F281CFA9B2200B9A13B /* Employees.jpg */,
				B0938F291CFA9B2200B9A13B /* EnterHours.jpg */,
				B0938F2A1CFA9B2200B9A13B /* FederalTaxes.jpg */,
				B0938F2B1CFA9B2200B9A13B /* PrintPaychecks.jpg */,
				B0938F2C1CFA9B2200B9A13B /* W2&W3Statements.jpg */,
				B0938F2D1CFA9B2200B9A13B /* WelcomeScreen.jpg */,
			);
			sourceTree = "<group>";
		};
		126B2DCB1C9F6B6F00ACB4C6 /* Products */ = {
			isa = PBXGroup;
			children = (
				126B2DCA1C9F6B6F00ACB4C6 /* small business payroll.app */,
			);
			name = Products;
			sourceTree = "<group>";
		};
		126B2DCC1C9F6B6F00ACB4C6 /* small business payroll */ = {
			isa = PBXGroup;
			children = (
				126B2DCD1C9F6B6F00ACB4C6 /* AppDelegate.swift */,
				126B2DCF1C9F6B6F00ACB4C6 /* RootViewController.swift */,
				126B2DD11C9F6B6F00ACB4C6 /* DataViewController.swift */,
				126B2DD31C9F6B6F00ACB4C6 /* ModelController.swift */,
				126B2DD51C9F6B6F00ACB4C6 /* Main.storyboard */,
				126B2DD81C9F6B6F00ACB4C6 /* Assets.xcassets */,
				126B2DDA1C9F6B6F00ACB4C6 /* LaunchScreen.storyboard */,
				126B2DDD1C9F6B6F00ACB4C6 /* Info.plist */,
			);
			path = "small business payroll";
			sourceTree = "<group>";
		};
/* End PBXGroup section */

/* Begin PBXNativeTarget section */
		126B2DC91C9F6B6F00ACB4C6 /* small business payroll */ = {
			isa = PBXNativeTarget;
			buildConfigurationList = 126B2DE01C9F6B6F00ACB4C6 /* Build configuration list for PBXNativeTarget "small business payroll" */;
			buildPhases = (
				126B2DC61C9F6B6F00ACB4C6 /* Sources */,
				126B2DC71C9F6B6F00ACB4C6 /* Frameworks */,
				126B2DC81C9F6B6F00ACB4C6 /* Resources */,
			);
			buildRules = (
			);
			dependencies = (
			);
			name = "small business payroll";
			productName = "small business payroll";
			productReference = 126B2DCA1C9F6B6F00ACB4C6 /* small business payroll.app */;
			productType = "com.apple.product-type.application";
		};
/* End PBXNativeTarget section */

/* Begin PBXProject section */
		126B2DC21C9F6B6F00ACB4C6 /* Project object */ = {
			isa = PBXProject;
			attributes = {
				LastSwiftUpdateCheck = 0720;
				LastUpgradeCheck = 0720;
				ORGANIZATIONNAME = "mike,karl,wayne";
				TargetAttributes = {
					126B2DC91C9F6B6F00ACB4C6 = {
						CreatedOnToolsVersion = 7.2.1;
					};
				};
			};
			buildConfigurationList = 126B2DC51C9F6B6F00ACB4C6 /* Build configuration list for PBXProject "small business payroll" */;
			compatibilityVersion = "Xcode 3.2";
			developmentRegion = English;
			hasScannedForEncodings = 0;
			knownRegions = (
				en,
				Base,
			);
			mainGroup = 126B2DC11C9F6B6F00ACB4C6;
			productRefGroup = 126B2DCB1C9F6B6F00ACB4C6 /* Products */;
			projectDirPath = "";
			projectRoot = "";
			targets = (
				126B2DC91C9F6B6F00ACB4C6 /* small business payroll */,
			);
		};
/* End PBXProject section */

/* Begin PBXResourcesBuildPhase section */
		126B2DC81C9F6B6F00ACB4C6 /* Resources */ = {
			isa = PBXResourcesBuildPhase;
			buildActionMask = 2147483647;
			files = (
				126B2DDC1C9F6B6F00ACB4C6 /* LaunchScreen.storyboard in Resources */,
				B0938F331CFA9B2200B9A13B /* EmployeePaychecks.jpg in Resources */,
				B0938F301CFA9B2200B9A13B /* CompanyInfo.jpg in Resources */,
				B0938F321CFA9B2200B9A13B /* EmployeeEarnings.jpg in Resources */,
				B0938F391CFA9B2200B9A13B /* WelcomeScreen.jpg in Resources */,
				126B2DD91C9F6B6F00ACB4C6 /* Assets.xcassets in Resources */,
				B0938F381CFA9B2200B9A13B /* W2&W3Statements.jpg in Resources */,
				B0938F311CFA9B2200B9A13B /* Deductions.jpg in Resources */,
				B0938F371CFA9B2200B9A13B /* PrintPaychecks.jpg in Resources */,
				B0938F351CFA9B2200B9A13B /* EnterHours.jpg in Resources */,
				B0938F361CFA9B2200B9A13B /* FederalTaxes.jpg in Resources */,
				126B2DD71C9F6B6F00ACB4C6 /* Main.storyboard in Resources */,
				B0938F341CFA9B2200B9A13B /* Employees.jpg in Resources */,
				B0938F2F1CFA9B2200B9A13B /* CalculatePay.jpg in Resources */,
				B0938F2E1CFA9B2200B9A13B /* AdditionalIncome.jpg in Resources */,
			);
			runOnlyForDeploymentPostprocessing = 0;
		};
/* End PBXResourcesBuildPhase section */

/* Begin PBXSourcesBuildPhase section */
		126B2DC61C9F6B6F00ACB4C6 /* Sources */ = {
			isa = PBXSourcesBuildPhase;
			buildActionMask = 2147483647;
			files = (
				126B2DD01C9F6B6F00ACB4C6 /* RootViewController.swift in Sources */,
				126B2DD41C9F6B6F00ACB4C6 /* ModelController.swift in Sources */,
				126B2DD21C9F6B6F00ACB4C6 /* DataViewController.swift in Sources */,
				126B2DCE1C9F6B6F00ACB4C6 /* AppDelegate.swift in Sources */,
			);
			runOnlyForDeploymentPostprocessing = 0;
		};
/* End PBXSourcesBuildPhase section */

/* Begin PBXVariantGroup section */
		126B2DD51C9F6B6F00ACB4C6 /* Main.storyboard */ = {
			isa = PBXVariantGroup;
			children = (
				126B2DD61C9F6B6F00ACB4C6 /* Base */,
			);
			name = Main.storyboard;
			sourceTree = "<group>";
		};
		126B2DDA1C9F6B6F00ACB4C6 /* LaunchScreen.storyboard */ = {
			isa = PBXVariantGroup;
			children = (
				126B2DDB1C9F6B6F00ACB4C6 /* Base */,
			);
			name = LaunchScreen.storyboard;
			sourceTree = "<group>";
		};
/* End PBXVariantGroup section */

/* Begin XCBuildConfiguration section */
		126B2DDE1C9F6B6F00ACB4C6 /* Debug */ = {
			isa = XCBuildConfiguration;
			buildSettings = {
				ALWAYS_SEARCH_USER_PATHS = NO;
				CLANG_CXX_LANGUAGE_STANDARD = "gnu++0x";
				CLANG_CXX_LIBRARY = "libc++";
				CLANG_ENABLE_MODULES = YES;
				CLANG_ENABLE_OBJC_ARC = YES;
				CLANG_WARN_BOOL_CONVERSION = YES;
				CLANG_WARN_CONSTANT_CONVERSION = YES;
				CLANG_WARN_DIRECT_OBJC_ISA_USAGE = YES_ERROR;
				CLANG_WARN_EMPTY_BODY = YES;
				CLANG_WARN_ENUM_CONVERSION = YES;
				CLANG_WARN_INT_CONVERSION = YES;
				CLANG_WARN_OBJC_ROOT_CLASS = YES_ERROR;
				CLANG_WARN_UNREACHABLE_CODE = YES;
				CLANG_WARN__DUPLICATE_METHOD_MATCH = YES;
				"CODE_SIGN_IDENTITY[sdk=iphoneos*]" = "iPhone Developer";
				COPY_PHASE_STRIP = NO;
				DEBUG_INFORMATION_FORMAT = dwarf;
				ENABLE_STRICT_OBJC_MSGSEND = YES;
				ENABLE_TESTABILITY = YES;
				GCC_C_LANGUAGE_STANDARD = gnu99;
				GCC_DYNAMIC_NO_PIC = NO;
				GCC_NO_COMMON_BLOCKS = YES;
				GCC_OPTIMIZATION_LEVEL = 0;
				GCC_PREPROCESSOR_DEFINITIONS = (
					"DEBUG=1",
					"$(inherited)",
				);
				GCC_WARN_64_TO_32_BIT_CONVERSION = YES;
				GCC_WARN_ABOUT_RETURN_TYPE = YES_ERROR;
				GCC_WARN_UNDECLARED_SELECTOR = YES;
				GCC_WARN_UNINITIALIZED_AUTOS = YES_AGGRESSIVE;
				GCC_WARN_UNUSED_FUNCTION = YES;
				GCC_WARN_UNUSED_VARIABLE = YES;
				IPHONEOS_DEPLOYMENT_TARGET = 9.2;
				MTL_ENABLE_DEBUG_INFO = YES;
				ONLY_ACTIVE_ARCH = YES;
				SDKROOT = iphoneos;
				SWIFT_OPTIMIZATION_LEVEL = "-Onone";
			};
			name = Debug;
		};
		126B2DDF1C9F6B6F00ACB4C6 /* Release */ = {
			isa = XCBuildConfiguration;
			buildSettings = {
				ALWAYS_SEARCH_USER_PATHS = NO;
				CLANG_CXX_LANGUAGE_STANDARD = "gnu++0x";
				CLANG_CXX_LIBRARY = "libc++";
				CLANG_ENABLE_MODULES = YES;
				CLANG_ENABLE_OBJC_ARC = YES;
				CLANG_WARN_BOOL_CONVERSION = YES;
				CLANG_WARN_CONSTANT_CONVERSION = YES;
				CLANG_WARN_DIRECT_OBJC_ISA_USAGE = YES_ERROR;
				CLANG_WARN_EMPTY_BODY = YES;
				CLANG_WARN_ENUM_CONVERSION = YES;
				CLANG_WARN_INT_CONVERSION = YES;
				CLANG_WARN_OBJC_ROOT_CLASS = YES_ERROR;
				CLANG_WARN_UNREACHABLE_CODE = YES;
				CLANG_WARN__DUPLICATE_METHOD_MATCH = YES;
				"CODE_SIGN_IDENTITY[sdk=iphoneos*]" = "iPhone Developer";
				COPY_PHASE_STRIP = NO;
				DEBUG_INFORMATION_FORMAT = "dwarf-with-dsym";
				ENABLE_NS_ASSERTIONS = NO;
				ENABLE_STRICT_OBJC_MSGSEND = YES;
				GCC_C_LANGUAGE_STANDARD = gnu99;
				GCC_NO_COMMON_BLOCKS = YES;
				GCC_WARN_64_TO_32_BIT_CONVERSION = YES;
				GCC_WARN_ABOUT_RETURN_TYPE = YES_ERROR;
				GCC_WARN_UNDECLARED_SELECTOR = YES;
				GCC_WARN_UNINITIALIZED_AUTOS = YES_AGGRESSIVE;
				GCC_WARN_UNUSED_FUNCTION = YES;
				GCC_WARN_UNUSED_VARIABLE = YES;
				IPHONEOS_DEPLOYMENT_TARGET = 9.2;
				MTL_ENABLE_DEBUG_INFO = NO;
				SDKROOT = iphoneos;
				VALIDATE_PRODUCT = YES;
			};
			name = Release;
		};
		126B2DE11C9F6B6F00ACB4C6 /* Debug */ = {
			isa = XCBuildConfiguration;
			buildSettings = {
				ASSETCATALOG_COMPILER_APPICON_NAME = AppIcon;
				CODE_SIGN_IDENTITY = "iPhone Developer";
				"CODE_SIGN_IDENTITY[sdk=iphoneos*]" = "iPhone Developer";
				INFOPLIST_FILE = "small business payroll/Info.plist";
				IPHONEOS_DEPLOYMENT_TARGET = 9.2;
				LD_RUNPATH_SEARCH_PATHS = "$(inherited) @executable_path/Frameworks";
				PRODUCT_BUNDLE_IDENTIFIER = "com.iddgroup.small-business-payroll";
				PRODUCT_NAME = "$(TARGET_NAME)";
				PROVISIONING_PROFILE = "";
			};
			name = Debug;
		};
		126B2DE21C9F6B6F00ACB4C6 /* Release */ = {
			isa = XCBuildConfiguration;
			buildSettings = {
				ASSETCATALOG_COMPILER_APPICON_NAME = AppIcon;
				CODE_SIGN_IDENTITY = "iPhone Developer";
				"CODE_SIGN_IDENTITY[sdk=iphoneos*]" = "iPhone Developer";
				INFOPLIST_FILE = "small business payroll/Info.plist";
				IPHONEOS_DEPLOYMENT_TARGET = 9.2;
				LD_RUNPATH_SEARCH_PATHS = "$(inherited) @executable_path/Frameworks";
				PRODUCT_BUNDLE_IDENTIFIER = "com.iddgroup.small-business-payroll";
				PRODUCT_NAME = "$(TARGET_NAME)";
				PROVISIONING_PROFILE = "";
			};
			name = Release;
		};
/* End XCBuildConfiguration section */

/* Begin XCConfigurationList section */
		126B2DC51C9F6B6F00ACB4C6 /* Build configuration list for PBXProject "small business payroll" */ = {
			isa = XCConfigurationList;
			buildConfigurations = (
				126B2DDE1C9F6B6F00ACB4C6 /* Debug */,
				126B2DDF1C9F6B6F00ACB4C6 /* Release */,
			);
			defaultConfigurationIsVisible = 0;
			defaultConfigurationName = Release;
		};
		126B2DE01C9F6B6F00ACB4C6 /* Build configuration list for PBXNativeTarget "small business payroll" */ = {
			isa = XCConfigurationList;
			buildConfigurations = (
				126B2DE11C9F6B6F00ACB4C6 /* Debug */,
				126B2DE21C9F6B6F00ACB4C6 /* Release */,
			);
			defaultConfigurationIsVisible = 0;
			defaultConfigurationName = Release;
		};
/* End XCConfigurationList section */
	};
	rootObject = 126B2DC21C9F6B6F00ACB4C6 /* Project object */;
}
